PODS:
  - CSStickyHeaderFlowLayout (0.2.11)
  - MSGridKit (0.1.0):
    - CSStickyHeaderFlowLayout

DEPENDENCIES:
  - MSGridKit (from `../`)

EXTERNAL SOURCES:
  MSGridKit:
    :path: "../"

SPEC CHECKSUMS:
  CSStickyHeaderFlowLayout: e9bcb1762413f49d7d09e5bd0ae5efd1100116b7
  MSGridKit: d15c8a43561d3c5ee5abf191d19862057d2aa8e9

PODFILE CHECKSUM: 7d3f70e6b6e8b33568522e79a2225fae551d78b6

COCOAPODS: 1.2.1
