PODS:
  - CSStickyHeaderFlowLayout (0.2.11)
  - MSGridKit (0.1.0):
    - CSStickyHeaderFlowLayout

DEPENDENCIES:
  - MSGridKit (from `../`)

EXTERNAL SOURCES:
  MSGridKit:
    :path: "../"

SPEC CHECKSUMS:
  CSStickyHeaderFlowLayout: e9bcb1762413f49d7d09e5bd0ae5efd1100116b7
  MSGridKit: d15c8a43561d3c5ee5abf191d19862057d2aa8e9

PODFILE CHECKSUM: 9060ebd4503f35c8cf0f09dec48704f6939a0031

COCOAPODS: 1.2.1
